
Microsoft Visual Studio Solution File, Format Version 12.00
# Visual Studio 15
VisualStudioVersion = 15.0.28307.329
MinimumVisualStudioVersion = 10.0.40219.1
Project("{8BC9CEB8-8B4A-11D0-8D11-00A0C91BC942}") = "ProjectEigen", "ProjectEigen\ProjectEigen.vcxproj", "{8357CC15-1056-44AC-A01D-2DC9230D0C97}"
EndProject
Global
	GlobalSection(SolutionConfigurationPlatforms) = preSolution
		Debug|x64 = Debug|x64
		Debug|x86 = Debug|x86
		Release|x64 = Release|x64
		Release|x86 = Release|x86
	EndGlobalSection
	GlobalSection(ProjectConfigurationPlatforms) = postSolution
		{8357CC15-1056-44AC-A01D-2DC9230D0C97}.Debug|x64.ActiveCfg = Debug|x64
		{8357CC15-1056-44AC-A01D-2DC9230D0C97}.Debug|x64.Build.0 = Debug|x64
		{8357CC15-1056-44AC-A01D-2DC9230D0C97}.Debug|x86.ActiveCfg = Debug|Win32
		{8357CC15-1056-44AC-A01D-2DC9230D0C97}.Debug|x86.Build.0 = Debug|Win32
		{8357CC15-1056-44AC-A01D-2DC9230D0C97}.Release|x64.ActiveCfg = Release|x64
		{8357CC15-1056-44AC-A01D-2DC9230D0C97}.Release|x64.Build.0 = Release|x64
		{8357CC15-1056-44AC-A01D-2DC9230D0C97}.Release|x86.ActiveCfg = Release|Win32
		{8357CC15-1056-44AC-A01D-2DC9230D0C97}.Release|x86.Build.0 = Release|Win32
	EndGlobalSection
	GlobalSection(SolutionProperties) = preSolution
		HideSolutionNode = FALSE
	EndGlobalSection
	GlobalSection(ExtensibilityGlobals) = postSolution
		SolutionGuid = {5CDE2DDF-07F5-4B3F-96A4-43018BC48A0F}
	EndGlobalSection
EndGlobal
